{
  "name": "multi-file-reference-api",
  "version": "1.0.0",
  "lockfileVersion": 3,
  "requires": true,
  "packages": {
    "": {
      "name": "multi-file-reference-api",
      "version": "1.0.0",
      "devDependencies": {
        "@types/web": "^0.0.294",
        "typescript": "^5.0.0"
      }
    },
    "node_modules/@types/web": {
      "version": "0.0.294",
      "resolved": "https://registry.npmjs.org/@types/web/-/web-0.0.294.tgz",
      "integrity": "sha512-prZi2M3jd/lGeOhW9P3txXfn6/nXIJRn+w/aFHz94/dl04riO5V99n+sKSeIciq7FM2XY6wPWoNhNbm6S/AdMQ==",
      "dev": true,
      "license": "Apache-2.0"
    },
    "node_modules/typescript": {
      "version": "5.9.3",
      "resolved": "https://registry.npmjs.org/typescript/-/typescript-5.9.3.tgz",
      "integrity": "sha512-jl1vZzPDinLr9eUt3J/t7V6FgNEw9QjvBPdysz9KfQDD41fQrC2Y4vKQdiaUpFT4bXlb1RHhLpp8wtm6M5TgSw==",
      "dev": true,
      "license": "Apache-2.0",
      "bin": {
        "tsc": "bin/tsc",
        "tsserver": "bin/tsserver"
      },
      "engines": {
        "node": ">=14.17"
      }
    }
  }
}
